// !$*UTF8*$!
{
	archiveVersion = 1;
	classes = {
	};
	objectVersion = 50;
	objects = {

/* Begin PBXBuildFile section */
		AF26F21120E6300B00A84E2B /* AppDelegate.swift in Sources */ = {isa = PBXBuildFile; fileRef = AF26F21020E6300B00A84E2B /* AppDelegate.swift */; };
		AF26F21320E6300B00A84E2B /* FirstViewController.swift in Sources */ = {isa = PBXBuildFile; fileRef = AF26F21220E6300B00A84E2B /* FirstViewController.swift */; };
		AF26F21520E6300B00A84E2B /* SecondViewController.swift in Sources */ = {isa = PBXBuildFile; fileRef = AF26F21420E6300B00A84E2B /* SecondViewController.swift */; };
		AF26F21820E6300B00A84E2B /* Main.storyboard in Resources */ = {isa = PBXBuildFile; fileRef = AF26F21620E6300B00A84E2B /* Main.storyboard */; };
		AF26F21A20E6300C00A84E2B /* Assets.xcassets in Resources */ = {isa = PBXBuildFile; fileRef = AF26F21920E6300C00A84E2B /* Assets.xcassets */; };
		AF26F21D20E6300C00A84E2B /* LaunchScreen.storyboard in Resources */ = {isa = PBXBuildFile; fileRef = AF26F21B20E6300C00A84E2B /* LaunchScreen.storyboard */; };
		AF26F22820E6300C00A84E2B /* HW_5Tests.swift in Sources */ = {isa = PBXBuildFile; fileRef = AF26F22720E6300C00A84E2B /* HW_5Tests.swift */; };
		AF26F23320E6300C00A84E2B /* HW_5UITests.swift in Sources */ = {isa = PBXBuildFile; fileRef = AF26F23220E6300C00A84E2B /* HW_5UITests.swift */; };
		AF26F24220E6420A00A84E2B /* Colors.swift in Sources */ = {isa = PBXBuildFile; fileRef = AF26F24120E6420A00A84E2B /* Colors.swift */; };
		AF26F24520E647F300A84E2B /* Extensions.swift in Sources */ = {isa = PBXBuildFile; fileRef = AF26F24420E647F300A84E2B /* Extensions.swift */; };
		AF26F24920E6536F00A84E2B /* MathExercisesViewController.swift in Sources */ = {isa = PBXBuildFile; fileRef = AF26F24820E6536F00A84E2B /* MathExercisesViewController.swift */; };
/* End PBXBuildFile section */

/* Begin PBXContainerItemProxy section */
		AF26F22420E6300C00A84E2B /* PBXContainerItemProxy */ = {
			isa = PBXContainerItemProxy;
			containerPortal = AF26F20520E6300B00A84E2B /* Project object */;
			proxyType = 1;
			remoteGlobalIDString = AF26F20C20E6300B00A84E2B;
			remoteInfo = "HW-5";
		};
		AF26F22F20E6300C00A84E2B /* PBXContainerItemProxy */ = {
			isa = PBXContainerItemProxy;
			containerPortal = AF26F20520E6300B00A84E2B /* Project object */;
			proxyType = 1;
			remoteGlobalIDString = AF26F20C20E6300B00A84E2B;
			remoteInfo = "HW-5";
		};
/* End PBXContainerItemProxy section */

/* Begin PBXFileReference section */
		AF26F20D20E6300B00A84E2B /* HW-5.app */ = {isa = PBXFileReference; explicitFileType = wrapper.application; includeInIndex = 0; path = "HW-5.app"; sourceTree = BUILT_PRODUCTS_DIR; };
		AF26F21020E6300B00A84E2B /* AppDelegate.swift */ = {isa = PBXFileReference; lastKnownFileType = sourcecode.swift; path = AppDelegate.swift; sourceTree = "<group>"; };
		AF26F21220E6300B00A84E2B /* FirstViewController.swift */ = {isa = PBXFileReference; lastKnownFileType = sourcecode.swift; path = FirstViewController.swift; sourceTree = "<group>"; };
		AF26F21420E6300B00A84E2B /* SecondViewController.swift */ = {isa = PBXFileReference; lastKnownFileType = sourcecode.swift; path = SecondViewController.swift; sourceTree = "<group>"; };
		AF26F21720E6300B00A84E2B /* Base */ = {isa = PBXFileReference; lastKnownFileType = file.storyboard; name = Base; path = Base.lproj/Main.storyboard; sourceTree = "<group>"; };
		AF26F21920E6300C00A84E2B /* Assets.xcassets */ = {isa = PBXFileReference; lastKnownFileType = folder.assetcatalog; path = Assets.xcassets; sourceTree = "<group>"; };
		AF26F21C20E6300C00A84E2B /* Base */ = {isa = PBXFileReference; lastKnownFileType = file.storyboard; name = Base; path = Base.lproj/LaunchScreen.storyboard; sourceTree = "<group>"; };
		AF26F21E20E6300C00A84E2B /* Info.plist */ = {isa = PBXFileReference; lastKnownFileType = text.plist.xml; path = Info.plist; sourceTree = "<group>"; };
		AF26F22320E6300C00A84E2B /* HW-5Tests.xctest */ = {isa = PBXFileReference; explicitFileType = wrapper.cfbundle; includeInIndex = 0; path = "HW-5Tests.xctest"; sourceTree = BUILT_PRODUCTS_DIR; };
		AF26F22720E6300C00A84E2B /* HW_5Tests.swift */ = {isa = PBXFileReference; lastKnownFileType = sourcecode.swift; path = HW_5Tests.swift; sourceTree = "<group>"; };
		AF26F22920E6300C00A84E2B /* Info.plist */ = {isa = PBXFileReference; lastKnownFileType = text.plist.xml; path = Info.plist; sourceTree = "<group>"; };
		AF26F22E20E6300C00A84E2B /* HW-5UITests.xctest */ = {isa = PBXFileReference; explicitFileType = wrapper.cfbundle; includeInIndex = 0; path = "HW-5UITests.xctest"; sourceTree = BUILT_PRODUCTS_DIR; };
		AF26F23220E6300C00A84E2B /* HW_5UITests.swift */ = {isa = PBXFileReference; lastKnownFileType = sourcecode.swift; path = HW_5UITests.swift; sourceTree = "<group>"; };
		AF26F23420E6300C00A84E2B /* Info.plist */ = {isa = PBXFileReference; lastKnownFileType = text.plist.xml; path = Info.plist; sourceTree = "<group>"; };
		AF26F24120E6420A00A84E2B /* Colors.swift */ = {isa = PBXFileReference; lastKnownFileType = sourcecode.swift; path = Colors.swift; sourceTree = "<group>"; };
		AF26F24420E647F300A84E2B /* Extensions.swift */ = {isa = PBXFileReference; lastKnownFileType = sourcecode.swift; path = Extensions.swift; sourceTree = "<group>"; };
		AF26F24820E6536F00A84E2B /* MathExercisesViewController.swift */ = {isa = PBXFileReference; lastKnownFileType = sourcecode.swift; path = MathExercisesViewController.swift; sourceTree = "<group>"; };
/* End PBXFileReference section */

/* Begin PBXFrameworksBuildPhase section */
		AF26F20A20E6300B00A84E2B /* Frameworks */ = {
			isa = PBXFrameworksBuildPhase;
			buildActionMask = 2147483647;
			files = (
			);
			runOnlyForDeploymentPostprocessing = 0;
		};
		AF26F22020E6300C00A84E2B /* Frameworks */ = {
			isa = PBXFrameworksBuildPhase;
			buildActionMask = 2147483647;
			files = (
			);
			runOnlyForDeploymentPostprocessing = 0;
		};
		AF26F22B20E6300C00A84E2B /* Frameworks */ = {
			isa = PBXFrameworksBuildPhase;
			buildActionMask = 2147483647;
			files = (
			);
			runOnlyForDeploymentPostprocessing = 0;
		};
/* End PBXFrameworksBuildPhase section */

/* Begin PBXGroup section */
		AF26F20420E6300B00A84E2B = {
			isa = PBXGroup;
			children = (
				AF26F20F20E6300B00A84E2B /* HW-5 */,
				AF26F22620E6300C00A84E2B /* HW-5Tests */,
				AF26F23120E6300C00A84E2B /* HW-5UITests */,
				AF26F20E20E6300B00A84E2B /* Products */,
			);
			sourceTree = "<group>";
		};
		AF26F20E20E6300B00A84E2B /* Products */ = {
			isa = PBXGroup;
			children = (
				AF26F20D20E6300B00A84E2B /* HW-5.app */,
				AF26F22320E6300C00A84E2B /* HW-5Tests.xctest */,
				AF26F22E20E6300C00A84E2B /* HW-5UITests.xctest */,
			);
			name = Products;
			sourceTree = "<group>";
		};
		AF26F20F20E6300B00A84E2B /* HW-5 */ = {
			isa = PBXGroup;
			children = (
				AF26F24320E647DF00A84E2B /* Extensions */,
				AF26F24020E641F700A84E2B /* Helper */,
				AF26F21020E6300B00A84E2B /* AppDelegate.swift */,
				AF26F21220E6300B00A84E2B /* FirstViewController.swift */,
				AF26F21420E6300B00A84E2B /* SecondViewController.swift */,
				AF26F24820E6536F00A84E2B /* MathExercisesViewController.swift */,
				AF26F21620E6300B00A84E2B /* Main.storyboard */,
				AF26F21920E6300C00A84E2B /* Assets.xcassets */,
				AF26F21B20E6300C00A84E2B /* LaunchScreen.storyboard */,
				AF26F21E20E6300C00A84E2B /* Info.plist */,
			);
			path = "HW-5";
			sourceTree = "<group>";
		};
		AF26F22620E6300C00A84E2B /* HW-5Tests */ = {
			isa = PBXGroup;
			children = (
				AF26F22720E6300C00A84E2B /* HW_5Tests.swift */,
				AF26F22920E6300C00A84E2B /* Info.plist */,
			);
			path = "HW-5Tests";
			sourceTree = "<group>";
		};
		AF26F23120E6300C00A84E2B /* HW-5UITests */ = {
			isa = PBXGroup;
			children = (
				AF26F23220E6300C00A84E2B /* HW_5UITests.swift */,
				AF26F23420E6300C00A84E2B /* Info.plist */,
			);
			path = "HW-5UITests";
			sourceTree = "<group>";
		};
		AF26F24020E641F700A84E2B /* Helper */ = {
			isa = PBXGroup;
			children = (
				AF26F24120E6420A00A84E2B /* Colors.swift */,
			);
			path = Helper;
			sourceTree = "<group>";
		};
		AF26F24320E647DF00A84E2B /* Extensions */ = {
			isa = PBXGroup;
			children = (
				AF26F24420E647F300A84E2B /* Extensions.swift */,
			);
			path = Extensions;
			sourceTree = "<group>";
		};
/* End PBXGroup section */

/* Begin PBXNativeTarget section */
		AF26F20C20E6300B00A84E2B /* HW-5 */ = {
			isa = PBXNativeTarget;
			buildConfigurationList = AF26F23720E6300C00A84E2B /* Build configuration list for PBXNativeTarget "HW-5" */;
			buildPhases = (
				AF26F20920E6300B00A84E2B /* Sources */,
				AF26F20A20E6300B00A84E2B /* Frameworks */,
				AF26F20B20E6300B00A84E2B /* Resources */,
			);
			buildRules = (
			);
			dependencies = (
			);
			name = "HW-5";
			productName = "HW-5";
			productReference = AF26F20D20E6300B00A84E2B /* HW-5.app */;
			productType = "com.apple.product-type.application";
		};
		AF26F22220E6300C00A84E2B /* HW-5Tests */ = {
			isa = PBXNativeTarget;
			buildConfigurationList = AF26F23A20E6300C00A84E2B /* Build configuration list for PBXNativeTarget "HW-5Tests" */;
			buildPhases = (
				AF26F21F20E6300C00A84E2B /* Sources */,
				AF26F22020E6300C00A84E2B /* Frameworks */,
				AF26F22120E6300C00A84E2B /* Resources */,
			);
			buildRules = (
			);
			dependencies = (
				AF26F22520E6300C00A84E2B /* PBXTargetDependency */,
			);
			name = "HW-5Tests";
			productName = "HW-5Tests";
			productReference = AF26F22320E6300C00A84E2B /* HW-5Tests.xctest */;
			productType = "com.apple.product-type.bundle.unit-test";
		};
		AF26F22D20E6300C00A84E2B /* HW-5UITests */ = {
			isa = PBXNativeTarget;
			buildConfigurationList = AF26F23D20E6300C00A84E2B /* Build configuration list for PBXNativeTarget "HW-5UITests" */;
			buildPhases = (
				AF26F22A20E6300C00A84E2B /* Sources */,
				AF26F22B20E6300C00A84E2B /* Frameworks */,
				AF26F22C20E6300C00A84E2B /* Resources */,
			);
			buildRules = (
			);
			dependencies = (
				AF26F23020E6300C00A84E2B /* PBXTargetDependency */,
			);
			name = "HW-5UITests";
			productName = "HW-5UITests";
			productReference = AF26F22E20E6300C00A84E2B /* HW-5UITests.xctest */;
			productType = "com.apple.product-type.bundle.ui-testing";
		};
/* End PBXNativeTarget section */

/* Begin PBXProject section */
		AF26F20520E6300B00A84E2B /* Project object */ = {
			isa = PBXProject;
			attributes = {
				LastSwiftUpdateCheck = 0940;
				LastUpgradeCheck = 0940;
				ORGANIZATIONNAME = "Eldor Makkambayev";
				TargetAttributes = {
					AF26F20C20E6300B00A84E2B = {
						CreatedOnToolsVersion = 9.4.1;
					};
					AF26F22220E6300C00A84E2B = {
						CreatedOnToolsVersion = 9.4.1;
						TestTargetID = AF26F20C20E6300B00A84E2B;
					};
					AF26F22D20E6300C00A84E2B = {
						CreatedOnToolsVersion = 9.4.1;
						TestTargetID = AF26F20C20E6300B00A84E2B;
					};
				};
			};
			buildConfigurationList = AF26F20820E6300B00A84E2B /* Build configuration list for PBXProject "HW-5" */;
			compatibilityVersion = "Xcode 9.3";
			developmentRegion = en;
			hasScannedForEncodings = 0;
			knownRegions = (
				en,
				Base,
			);
			mainGroup = AF26F20420E6300B00A84E2B;
			productRefGroup = AF26F20E20E6300B00A84E2B /* Products */;
			projectDirPath = "";
			projectRoot = "";
			targets = (
				AF26F20C20E6300B00A84E2B /* HW-5 */,
				AF26F22220E6300C00A84E2B /* HW-5Tests */,
				AF26F22D20E6300C00A84E2B /* HW-5UITests */,
			);
		};
/* End PBXProject section */

/* Begin PBXResourcesBuildPhase section */
		AF26F20B20E6300B00A84E2B /* Resources */ = {
			isa = PBXResourcesBuildPhase;
			buildActionMask = 2147483647;
			files = (
				AF26F21D20E6300C00A84E2B /* LaunchScreen.storyboard in Resources */,
				AF26F21A20E6300C00A84E2B /* Assets.xcassets in Resources */,
				AF26F21820E6300B00A84E2B /* Main.storyboard in Resources */,
			);
			runOnlyForDeploymentPostprocessing = 0;
		};
		AF26F22120E6300C00A84E2B /* Resources */ = {
			isa = PBXResourcesBuildPhase;
			buildActionMask = 2147483647;
			files = (
			);
			runOnlyForDeploymentPostprocessing = 0;
		};
		AF26F22C20E6300C00A84E2B /* Resources */ = {
			isa = PBXResourcesBuildPhase;
			buildActionMask = 2147483647;
			files = (
			);
			runOnlyForDeploymentPostprocessing = 0;
		};
/* End PBXResourcesBuildPhase section */

/* Begin PBXSourcesBuildPhase section */
		AF26F20920E6300B00A84E2B /* Sources */ = {
			isa = PBXSourcesBuildPhase;
			buildActionMask = 2147483647;
			files = (
				AF26F24520E647F300A84E2B /* Extensions.swift in Sources */,
				AF26F21520E6300B00A84E2B /* SecondViewController.swift in Sources */,
				AF26F24220E6420A00A84E2B /* Colors.swift in Sources */,
				AF26F21120E6300B00A84E2B /* AppDelegate.swift in Sources */,
				AF26F24920E6536F00A84E2B /* MathExercisesViewController.swift in Sources */,
				AF26F21320E6300B00A84E2B /* FirstViewController.swift in Sources */,
			);
			runOnlyForDeploymentPostprocessing = 0;
		};
		AF26F21F20E6300C00A84E2B /* Sources */ = {
			isa = PBXSourcesBuildPhase;
			buildActionMask = 2147483647;
			files = (
				AF26F22820E6300C00A84E2B /* HW_5Tests.swift in Sources */,
			);
			runOnlyForDeploymentPostprocessing = 0;
		};
		AF26F22A20E6300C00A84E2B /* Sources */ = {
			isa = PBXSourcesBuildPhase;
			buildActionMask = 2147483647;
			files = (
				AF26F23320E6300C00A84E2B /* HW_5UITests.swift in Sources */,
			);
			runOnlyForDeploymentPostprocessing = 0;
		};
/* End PBXSourcesBuildPhase section */

/* Begin PBXTargetDependency section */
		AF26F22520E6300C00A84E2B /* PBXTargetDependency */ = {
			isa = PBXTargetDependency;
			target = AF26F20C20E6300B00A84E2B /* HW-5 */;
			targetProxy = AF26F22420E6300C00A84E2B /* PBXContainerItemProxy */;
		};
		AF26F23020E6300C00A84E2B /* PBXTargetDependency */ = {
			isa = PBXTargetDependency;
			target = AF26F20C20E6300B00A84E2B /* HW-5 */;
			targetProxy = AF26F22F20E6300C00A84E2B /* PBXContainerItemProxy */;
		};
/* End PBXTargetDependency section */

/* Begin PBXVariantGroup section */
		AF26F21620E6300B00A84E2B /* Main.storyboard */ = {
			isa = PBXVariantGroup;
			children = (
				AF26F21720E6300B00A84E2B /* Base */,
			);
			name = Main.storyboard;
			sourceTree = "<group>";
		};
		AF26F21B20E6300C00A84E2B /* LaunchScreen.storyboard */ = {
			isa = PBXVariantGroup;
			children = (
				AF26F21C20E6300C00A84E2B /* Base */,
			);
			name = LaunchScreen.storyboard;
			sourceTree = "<group>";
		};
/* End PBXVariantGroup section */

/* Begin XCBuildConfiguration section */
		AF26F23520E6300C00A84E2B /* Debug */ = {
			isa = XCBuildConfiguration;
			buildSettings = {
				ALWAYS_SEARCH_USER_PATHS = NO;
				CLANG_ANALYZER_NONNULL = YES;
				CLANG_ANALYZER_NUMBER_OBJECT_CONVERSION = YES_AGGRESSIVE;
				CLANG_CXX_LANGUAGE_STANDARD = "gnu++14";
				CLANG_CXX_LIBRARY = "libc++";
				CLANG_ENABLE_MODULES = YES;
				CLANG_ENABLE_OBJC_ARC = YES;
				CLANG_ENABLE_OBJC_WEAK = YES;
				CLANG_WARN_BLOCK_CAPTURE_AUTORELEASING = YES;
				CLANG_WARN_BOOL_CONVERSION = YES;
				CLANG_WARN_COMMA = YES;
				CLANG_WARN_CONSTANT_CONVERSION = YES;
				CLANG_WARN_DEPRECATED_OBJC_IMPLEMENTATIONS = YES;
				CLANG_WARN_DIRECT_OBJC_ISA_USAGE = YES_ERROR;
				CLANG_WARN_DOCUMENTATION_COMMENTS = YES;
				CLANG_WARN_EMPTY_BODY = YES;
				CLANG_WARN_ENUM_CONVERSION = YES;
				CLANG_WARN_INFINITE_RECURSION = YES;
				CLANG_WARN_INT_CONVERSION = YES;
				CLANG_WARN_NON_LITERAL_NULL_CONVERSION = YES;
				CLANG_WARN_OBJC_IMPLICIT_RETAIN_SELF = YES;
				CLANG_WARN_OBJC_LITERAL_CONVERSION = YES;
				CLANG_WARN_OBJC_ROOT_CLASS = YES_ERROR;
				CLANG_WARN_RANGE_LOOP_ANALYSIS = YES;
				CLANG_WARN_STRICT_PROTOTYPES = YES;
				CLANG_WARN_SUSPICIOUS_MOVE = YES;
				CLANG_WARN_UNGUARDED_AVAILABILITY = YES_AGGRESSIVE;
				CLANG_WARN_UNREACHABLE_CODE = YES;
				CLANG_WARN__DUPLICATE_METHOD_MATCH = YES;
				CODE_SIGN_IDENTITY = "iPhone Developer";
				COPY_PHASE_STRIP = NO;
				DEBUG_INFORMATION_FORMAT = dwarf;
				ENABLE_STRICT_OBJC_MSGSEND = YES;
				ENABLE_TESTABILITY = YES;
				GCC_C_LANGUAGE_STANDARD = gnu11;
				GCC_DYNAMIC_NO_PIC = NO;
				GCC_NO_COMMON_BLOCKS = YES;
				GCC_OPTIMIZATION_LEVEL = 0;
				GCC_PREPROCESSOR_DEFINITIONS = (
					"DEBUG=1",
					"$(inherited)",
				);
				GCC_WARN_64_TO_32_BIT_CONVERSION = YES;
				GCC_WARN_ABOUT_RETURN_TYPE = YES_ERROR;
				GCC_WARN_UNDECLARED_SELECTOR = YES;
				GCC_WARN_UNINITIALIZED_AUTOS = YES_AGGRESSIVE;
				GCC_WARN_UNUSED_FUNCTION = YES;
				GCC_WARN_UNUSED_VARIABLE = YES;
				IPHONEOS_DEPLOYMENT_TARGET = 11.4;
				MTL_ENABLE_DEBUG_INFO = YES;
				ONLY_ACTIVE_ARCH = YES;
				SDKROOT = iphoneos;
				SWIFT_ACTIVE_COMPILATION_CONDITIONS = DEBUG;
				SWIFT_OPTIMIZATION_LEVEL = "-Onone";
			};
			name = Debug;
		};
		AF26F23620E6300C00A84E2B /* Release */ = {
			isa = XCBuildConfiguration;
			buildSettings = {
				ALWAYS_SEARCH_USER_PATHS = NO;
				CLANG_ANALYZER_NONNULL = YES;
				CLANG_ANALYZER_NUMBER_OBJECT_CONVERSION = YES_AGGRESSIVE;
				CLANG_CXX_LANGUAGE_STANDARD = "gnu++14";
				CLANG_CXX_LIBRARY = "libc++";
				CLANG_ENABLE_MODULES = YES;
				CLANG_ENABLE_OBJC_ARC = YES;
				CLANG_ENABLE_OBJC_WEAK = YES;
				CLANG_WARN_BLOCK_CAPTURE_AUTORELEASING = YES;
				CLANG_WARN_BOOL_CONVERSION = YES;
				CLANG_WARN_COMMA = YES;
				CLANG_WARN_CONSTANT_CONVERSION = YES;
				CLANG_WARN_DEPRECATED_OBJC_IMPLEMENTATIONS = YES;
				CLANG_WARN_DIRECT_OBJC_ISA_USAGE = YES_ERROR;
				CLANG_WARN_DOCUMENTATION_COMMENTS = YES;
				CLANG_WARN_EMPTY_BODY = YES;
				CLANG_WARN_ENUM_CONVERSION = YES;
				CLANG_WARN_INFINITE_RECURSION = YES;
				CLANG_WARN_INT_CONVERSION = YES;
				CLANG_WARN_NON_LITERAL_NULL_CONVERSION = YES;
				CLANG_WARN_OBJC_IMPLICIT_RETAIN_SELF = YES;
				CLANG_WARN_OBJC_LITERAL_CONVERSION = YES;
				CLANG_WARN_OBJC_ROOT_CLASS = YES_ERROR;
				CLANG_WARN_RANGE_LOOP_ANALYSIS = YES;
				CLANG_WARN_STRICT_PROTOTYPES = YES;
				CLANG_WARN_SUSPICIOUS_MOVE = YES;
				CLANG_WARN_UNGUARDED_AVAILABILITY = YES_AGGRESSIVE;
				CLANG_WARN_UNREACHABLE_CODE = YES;
				CLANG_WARN__DUPLICATE_METHOD_MATCH = YES;
				CODE_SIGN_IDENTITY = "iPhone Developer";
				COPY_PHASE_STRIP = NO;
				DEBUG_INFORMATION_FORMAT = "dwarf-with-dsym";
				ENABLE_NS_ASSERTIONS = NO;
				ENABLE_STRICT_OBJC_MSGSEND = YES;
				GCC_C_LANGUAGE_STANDARD = gnu11;
				GCC_NO_COMMON_BLOCKS = YES;
				GCC_WARN_64_TO_32_BIT_CONVERSION = YES;
				GCC_WARN_ABOUT_RETURN_TYPE = YES_ERROR;
				GCC_WARN_UNDECLARED_SELECTOR = YES;
				GCC_WARN_UNINITIALIZED_AUTOS = YES_AGGRESSIVE;
				GCC_WARN_UNUSED_FUNCTION = YES;
				GCC_WARN_UNUSED_VARIABLE = YES;
				IPHONEOS_DEPLOYMENT_TARGET = 11.4;
				MTL_ENABLE_DEBUG_INFO = NO;
				SDKROOT = iphoneos;
				SWIFT_COMPILATION_MODE = wholemodule;
				SWIFT_OPTIMIZATION_LEVEL = "-O";
				VALIDATE_PRODUCT = YES;
			};
			name = Release;
		};
		AF26F23820E6300C00A84E2B /* Debug */ = {
			isa = XCBuildConfiguration;
			buildSettings = {
				ASSETCATALOG_COMPILER_APPICON_NAME = AppIcon;
				CODE_SIGN_STYLE = Automatic;
				DEVELOPMENT_TEAM = F8NWQ687P2;
				INFOPLIST_FILE = "HW-5/Info.plist";
				LD_RUNPATH_SEARCH_PATHS = (
					"$(inherited)",
					"@executable_path/Frameworks",
				);
				PRODUCT_BUNDLE_IDENTIFIER = "sdu.apple.HW-5";
				PRODUCT_NAME = "$(TARGET_NAME)";
				SWIFT_VERSION = 4.0;
				TARGETED_DEVICE_FAMILY = "1,2";
			};
			name = Debug;
		};
		AF26F23920E6300C00A84E2B /* Release */ = {
			isa = XCBuildConfiguration;
			buildSettings = {
				ASSETCATALOG_COMPILER_APPICON_NAME = AppIcon;
				CODE_SIGN_STYLE = Automatic;
				DEVELOPMENT_TEAM = F8NWQ687P2;
				INFOPLIST_FILE = "HW-5/Info.plist";
				LD_RUNPATH_SEARCH_PATHS = (
					"$(inherited)",
					"@executable_path/Frameworks",
				);
				PRODUCT_BUNDLE_IDENTIFIER = "sdu.apple.HW-5";
				PRODUCT_NAME = "$(TARGET_NAME)";
				SWIFT_VERSION = 4.0;
				TARGETED_DEVICE_FAMILY = "1,2";
			};
			name = Release;
		};
		AF26F23B20E6300C00A84E2B /* Debug */ = {
			isa = XCBuildConfiguration;
			buildSettings = {
				ALWAYS_EMBED_SWIFT_STANDARD_LIBRARIES = YES;
				BUNDLE_LOADER = "$(TEST_HOST)";
				CODE_SIGN_STYLE = Automatic;
				DEVELOPMENT_TEAM = F8NWQ687P2;
				INFOPLIST_FILE = "HW-5Tests/Info.plist";
				LD_RUNPATH_SEARCH_PATHS = (
					"$(inherited)",
					"@executable_path/Frameworks",
					"@loader_path/Frameworks",
				);
				PRODUCT_BUNDLE_IDENTIFIER = "sdu.apple.HW-5Tests";
				PRODUCT_NAME = "$(TARGET_NAME)";
				SWIFT_VERSION = 4.0;
				TARGETED_DEVICE_FAMILY = "1,2";
				TEST_HOST = "$(BUILT_PRODUCTS_DIR)/HW-5.app/HW-5";
			};
			name = Debug;
		};
		AF26F23C20E6300C00A84E2B /* Release */ = {
			isa = XCBuildConfiguration;
			buildSettings = {
				ALWAYS_EMBED_SWIFT_STANDARD_LIBRARIES = YES;
				BUNDLE_LOADER = "$(TEST_HOST)";
				CODE_SIGN_STYLE = Automatic;
				DEVELOPMENT_TEAM = F8NWQ687P2;
				INFOPLIST_FILE = "HW-5Tests/Info.plist";
				LD_RUNPATH_SEARCH_PATHS = (
					"$(inherited)",
					"@executable_path/Frameworks",
					"@loader_path/Frameworks",
				);
				PRODUCT_BUNDLE_IDENTIFIER = "sdu.apple.HW-5Tests";
				PRODUCT_NAME = "$(TARGET_NAME)";
				SWIFT_VERSION = 4.0;
				TARGETED_DEVICE_FAMILY = "1,2";
				TEST_HOST = "$(BUILT_PRODUCTS_DIR)/HW-5.app/HW-5";
			};
			name = Release;
		};
		AF26F23E20E6300C00A84E2B /* Debug */ = {
			isa = XCBuildConfiguration;
			buildSettings = {
				ALWAYS_EMBED_SWIFT_STANDARD_LIBRARIES = YES;
				CODE_SIGN_STYLE = Automatic;
				DEVELOPMENT_TEAM = F8NWQ687P2;
				INFOPLIST_FILE = "HW-5UITests/Info.plist";
				LD_RUNPATH_SEARCH_PATHS = (
					"$(inherited)",
					"@executable_path/Frameworks",
					"@loader_path/Frameworks",
				);
				PRODUCT_BUNDLE_IDENTIFIER = "sdu.apple.HW-5UITests";
				PRODUCT_NAME = "$(TARGET_NAME)";
				SWIFT_VERSION = 4.0;
				TARGETED_DEVICE_FAMILY = "1,2";
				TEST_TARGET_NAME = "HW-5";
			};
			name = Debug;
		};
		AF26F23F20E6300C00A84E2B /* Release */ = {
			isa = XCBuildConfiguration;
			buildSettings = {
				ALWAYS_EMBED_SWIFT_STANDARD_LIBRARIES = YES;
				CODE_SIGN_STYLE = Automatic;
				DEVELOPMENT_TEAM = F8NWQ687P2;
				INFOPLIST_FILE = "HW-5UITests/Info.plist";
				LD_RUNPATH_SEARCH_PATHS = (
					"$(inherited)",
					"@executable_path/Frameworks",
					"@loader_path/Frameworks",
				);
				PRODUCT_BUNDLE_IDENTIFIER = "sdu.apple.HW-5UITests";
				PRODUCT_NAME = "$(TARGET_NAME)";
				SWIFT_VERSION = 4.0;
				TARGETED_DEVICE_FAMILY = "1,2";
				TEST_TARGET_NAME = "HW-5";
			};
			name = Release;
		};
/* End XCBuildConfiguration section */

/* Begin XCConfigurationList section */
		AF26F20820E6300B00A84E2B /* Build configuration list for PBXProject "HW-5" */ = {
			isa = XCConfigurationList;
			buildConfigurations = (
				AF26F23520E6300C00A84E2B /* Debug */,
				AF26F23620E6300C00A84E2B /* Release */,
			);
			defaultConfigurationIsVisible = 0;
			defaultConfigurationName = Release;
		};
		AF26F23720E6300C00A84E2B /* Build configuration list for PBXNativeTarget "HW-5" */ = {
			isa = XCConfigurationList;
			buildConfigurations = (
				AF26F23820E6300C00A84E2B /* Debug */,
				AF26F23920E6300C00A84E2B /* Release */,
			);
			defaultConfigurationIsVisible = 0;
			defaultConfigurationName = Release;
		};
		AF26F23A20E6300C00A84E2B /* Build configuration list for PBXNativeTarget "HW-5Tests" */ = {
			isa = XCConfigurationList;
			buildConfigurations = (
				AF26F23B20E6300C00A84E2B /* Debug */,
				AF26F23C20E6300C00A84E2B /* Release */,
			);
			defaultConfigurationIsVisible = 0;
			defaultConfigurationName = Release;
		};
		AF26F23D20E6300C00A84E2B /* Build configuration list for PBXNativeTarget "HW-5UITests" */ = {
			isa = XCConfigurationList;
			buildConfigurations = (
				AF26F23E20E6300C00A84E2B /* Debug */,
				AF26F23F20E6300C00A84E2B /* Release */,
			);
			defaultConfigurationIsVisible = 0;
			defaultConfigurationName = Release;
		};
/* End XCConfigurationList section */
	};
	rootObject = AF26F20520E6300B00A84E2B /* Project object */;
}
